
Microsoft Visual Studio Solution File, Format Version 12.00
# Visual Studio Version 16
VisualStudioVersion = 16.0.31410.357
MinimumVisualStudioVersion = 10.0.40219.1
Project("{FAE04EC0-301F-11D3-BF4B-00C04F79EFBC}") = "consol1", "consol1.csproj", "{1BD561A0-3260-482F-A0EC-3EEF1FC02D62}"
EndProject
Global
	GlobalSection(SolutionConfigurationPlatforms) = preSolution
		Debug|Any CPU = Debug|Any CPU
		Release|Any CPU = Release|Any CPU
	EndGlobalSection
	GlobalSection(ProjectConfigurationPlatforms) = postSolution
		{1BD561A0-3260-482F-A0EC-3EEF1FC02D62}.Debug|Any CPU.ActiveCfg = Debug|Any CPU
		{1BD561A0-3260-482F-A0EC-3EEF1FC02D62}.Debug|Any CPU.Build.0 = Debug|Any CPU
		{1BD561A0-3260-482F-A0EC-3EEF1FC02D62}.Release|Any CPU.ActiveCfg = Release|Any CPU
		{1BD561A0-3260-482F-A0EC-3EEF1FC02D62}.Release|Any CPU.Build.0 = Release|Any CPU
	EndGlobalSection
	GlobalSection(SolutionProperties) = preSolution
		HideSolutionNode = FALSE
	EndGlobalSection
	GlobalSection(ExtensibilityGlobals) = postSolution
		SolutionGuid = {0EC82ED6-DE05-43F7-9B4B-4DF21D222C6A}
	EndGlobalSection
EndGlobal
